
Microsoft Visual Studio Solution File, Format Version 12.00
# Visual Studio Version 17
VisualStudioVersion = 17.5.002.0
MinimumVisualStudioVersion = 10.0.40219.1
Project("{FAE04EC0-301F-11D3-BF4B-00C04F79EFBC}") = "Test.WebAssemblyClient", "Test.WebAssemblyClient\Test.WebAssemblyClient.csproj", "{CFFE4599-99E9-4C3A-A6D5-714A83CDB38B}"
EndProject
Project("{FAE04EC0-301F-11D3-BF4B-00C04F79EFBC}") = "Test.WebApi", "Test.WebApi\Test.WebApi.csproj", "{C9567645-8E4D-4CCE-BA36-0DE28AFE6F82}"
EndProject
Project("{FAE04EC0-301F-11D3-BF4B-00C04F79EFBC}") = "Test.ApiShared", "Test.ApiShared\Test.ApiShared.csproj", "{F0EC87A6-7CDB-41B5-802A-B2377B773C5A}"
EndProject
Project("{FAE04EC0-301F-11D3-BF4B-00C04F79EFBC}") = "Test.WpfClient", "Test.WpfClient\Test.WpfClient.csproj", "{2E6578F1-57AC-4DC8-A199-AE883E3B6C4B}"
EndProject
Project("{FAE04EC0-301F-11D3-BF4B-00C04F79EFBC}") = "Test.Maui", "Test.Maui\Test.Maui.csproj", "{97C7BD38-992B-4E6C-A3A9-B2284E468A4D}"
EndProject
Project("{FAE04EC0-301F-11D3-BF4B-00C04F79EFBC}") = "Test.FrontShared", "Test.FrontShared\Test.FrontShared.csproj", "{1FC68057-7B43-4FD9-B40E-5759A275D2A9}"
EndProject
Global
	GlobalSection(SolutionConfigurationPlatforms) = preSolution
		Debug|Any CPU = Debug|Any CPU
		Debug|ARM64 = Debug|ARM64
		Debug|x64 = Debug|x64
		Debug|x86 = Debug|x86
		Release|Any CPU = Release|Any CPU
		Release|ARM64 = Release|ARM64
		Release|x64 = Release|x64
		Release|x86 = Release|x86
	EndGlobalSection
	GlobalSection(ProjectConfigurationPlatforms) = postSolution
		{CFFE4599-99E9-4C3A-A6D5-714A83CDB38B}.Debug|Any CPU.ActiveCfg = Debug|Any CPU
		{CFFE4599-99E9-4C3A-A6D5-714A83CDB38B}.Debug|Any CPU.Build.0 = Debug|Any CPU
		{CFFE4599-99E9-4C3A-A6D5-714A83CDB38B}.Debug|ARM64.ActiveCfg = Debug|Any CPU
		{CFFE4599-99E9-4C3A-A6D5-714A83CDB38B}.Debug|ARM64.Build.0 = Debug|Any CPU
		{CFFE4599-99E9-4C3A-A6D5-714A83CDB38B}.Debug|x64.ActiveCfg = Debug|Any CPU
		{CFFE4599-99E9-4C3A-A6D5-714A83CDB38B}.Debug|x64.Build.0 = Debug|Any CPU
		{CFFE4599-99E9-4C3A-A6D5-714A83CDB38B}.Debug|x86.ActiveCfg = Debug|Any CPU
		{CFFE4599-99E9-4C3A-A6D5-714A83CDB38B}.Debug|x86.Build.0 = Debug|Any CPU
		{CFFE4599-99E9-4C3A-A6D5-714A83CDB38B}.Release|Any CPU.ActiveCfg = Release|Any CPU
		{CFFE4599-99E9-4C3A-A6D5-714A83CDB38B}.Release|Any CPU.Build.0 = Release|Any CPU
		{CFFE4599-99E9-4C3A-A6D5-714A83CDB38B}.Release|ARM64.ActiveCfg = Release|Any CPU
		{CFFE4599-99E9-4C3A-A6D5-714A83CDB38B}.Release|ARM64.Build.0 = Release|Any CPU
		{CFFE4599-99E9-4C3A-A6D5-714A83CDB38B}.Release|x64.ActiveCfg = Release|Any CPU
		{CFFE4599-99E9-4C3A-A6D5-714A83CDB38B}.Release|x64.Build.0 = Release|Any CPU
		{CFFE4599-99E9-4C3A-A6D5-714A83CDB38B}.Release|x86.ActiveCfg = Release|Any CPU
		{CFFE4599-99E9-4C3A-A6D5-714A83CDB38B}.Release|x86.Build.0 = Release|Any CPU
		{C9567645-8E4D-4CCE-BA36-0DE28AFE6F82}.Debug|Any CPU.ActiveCfg = Debug|Any CPU
		{C9567645-8E4D-4CCE-BA36-0DE28AFE6F82}.Debug|Any CPU.Build.0 = Debug|Any CPU
		{C9567645-8E4D-4CCE-BA36-0DE28AFE6F82}.Debug|ARM64.ActiveCfg = Debug|Any CPU
		{C9567645-8E4D-4CCE-BA36-0DE28AFE6F82}.Debug|ARM64.Build.0 = Debug|Any CPU
		{C9567645-8E4D-4CCE-BA36-0DE28AFE6F82}.Debug|x64.ActiveCfg = Debug|Any CPU
		{C9567645-8E4D-4CCE-BA36-0DE28AFE6F82}.Debug|x64.Build.0 = Debug|Any CPU
		{C9567645-8E4D-4CCE-BA36-0DE28AFE6F82}.Debug|x86.ActiveCfg = Debug|Any CPU
		{C9567645-8E4D-4CCE-BA36-0DE28AFE6F82}.Debug|x86.Build.0 = Debug|Any CPU
		{C9567645-8E4D-4CCE-BA36-0DE28AFE6F82}.Release|Any CPU.ActiveCfg = Release|Any CPU
		{C9567645-8E4D-4CCE-BA36-0DE28AFE6F82}.Release|Any CPU.Build.0 = Release|Any CPU
		{C9567645-8E4D-4CCE-BA36-0DE28AFE6F82}.Release|ARM64.ActiveCfg = Release|Any CPU
		{C9567645-8E4D-4CCE-BA36-0DE28AFE6F82}.Release|ARM64.Build.0 = Release|Any CPU
		{C9567645-8E4D-4CCE-BA36-0DE28AFE6F82}.Release|x64.ActiveCfg = Release|Any CPU
		{C9567645-8E4D-4CCE-BA36-0DE28AFE6F82}.Release|x64.Build.0 = Release|Any CPU
		{C9567645-8E4D-4CCE-BA36-0DE28AFE6F82}.Release|x86.ActiveCfg = Release|Any CPU
		{C9567645-8E4D-4CCE-BA36-0DE28AFE6F82}.Release|x86.Build.0 = Release|Any CPU
		{F0EC87A6-7CDB-41B5-802A-B2377B773C5A}.Debug|Any CPU.ActiveCfg = Debug|Any CPU
		{F0EC87A6-7CDB-41B5-802A-B2377B773C5A}.Debug|Any CPU.Build.0 = Debug|Any CPU
		{F0EC87A6-7CDB-41B5-802A-B2377B773C5A}.Debug|ARM64.ActiveCfg = Debug|Any CPU
		{F0EC87A6-7CDB-41B5-802A-B2377B773C5A}.Debug|ARM64.Build.0 = Debug|Any CPU
		{F0EC87A6-7CDB-41B5-802A-B2377B773C5A}.Debug|x64.ActiveCfg = Debug|Any CPU
		{F0EC87A6-7CDB-41B5-802A-B2377B773C5A}.Debug|x64.Build.0 = Debug|Any CPU
		{F0EC87A6-7CDB-41B5-802A-B2377B773C5A}.Debug|x86.ActiveCfg = Debug|Any CPU
		{F0EC87A6-7CDB-41B5-802A-B2377B773C5A}.Debug|x86.Build.0 = Debug|Any CPU
		{F0EC87A6-7CDB-41B5-802A-B2377B773C5A}.Release|Any CPU.ActiveCfg = Release|Any CPU
		{F0EC87A6-7CDB-41B5-802A-B2377B773C5A}.Release|Any CPU.Build.0 = Release|Any CPU
		{F0EC87A6-7CDB-41B5-802A-B2377B773C5A}.Release|ARM64.ActiveCfg = Release|Any CPU
		{F0EC87A6-7CDB-41B5-802A-B2377B773C5A}.Release|ARM64.Build.0 = Release|Any CPU
		{F0EC87A6-7CDB-41B5-802A-B2377B773C5A}.Release|x64.ActiveCfg = Release|Any CPU
		{F0EC87A6-7CDB-41B5-802A-B2377B773C5A}.Release|x64.Build.0 = Release|Any CPU
		{F0EC87A6-7CDB-41B5-802A-B2377B773C5A}.Release|x86.ActiveCfg = Release|Any CPU
		{F0EC87A6-7CDB-41B5-802A-B2377B773C5A}.Release|x86.Build.0 = Release|Any CPU
		{2E6578F1-57AC-4DC8-A199-AE883E3B6C4B}.Debug|Any CPU.ActiveCfg = Debug|Any CPU
		{2E6578F1-57AC-4DC8-A199-AE883E3B6C4B}.Debug|Any CPU.Build.0 = Debug|Any CPU
		{2E6578F1-57AC-4DC8-A199-AE883E3B6C4B}.Debug|ARM64.ActiveCfg = Debug|Any CPU
		{2E6578F1-57AC-4DC8-A199-AE883E3B6C4B}.Debug|ARM64.Build.0 = Debug|Any CPU
		{2E6578F1-57AC-4DC8-A199-AE883E3B6C4B}.Debug|x64.ActiveCfg = Debug|Any CPU
		{2E6578F1-57AC-4DC8-A199-AE883E3B6C4B}.Debug|x64.Build.0 = Debug|Any CPU
		{2E6578F1-57AC-4DC8-A199-AE883E3B6C4B}.Debug|x86.ActiveCfg = Debug|Any CPU
		{2E6578F1-57AC-4DC8-A199-AE883E3B6C4B}.Debug|x86.Build.0 = Debug|Any CPU
		{2E6578F1-57AC-4DC8-A199-AE883E3B6C4B}.Release|Any CPU.ActiveCfg = Release|Any CPU
		{2E6578F1-57AC-4DC8-A199-AE883E3B6C4B}.Release|Any CPU.Build.0 = Release|Any CPU
		{2E6578F1-57AC-4DC8-A199-AE883E3B6C4B}.Release|ARM64.ActiveCfg = Release|Any CPU
		{2E6578F1-57AC-4DC8-A199-AE883E3B6C4B}.Release|ARM64.Build.0 = Release|Any CPU
		{2E6578F1-57AC-4DC8-A199-AE883E3B6C4B}.Release|x64.ActiveCfg = Release|Any CPU
		{2E6578F1-57AC-4DC8-A199-AE883E3B6C4B}.Release|x64.Build.0 = Release|Any CPU
		{2E6578F1-57AC-4DC8-A199-AE883E3B6C4B}.Release|x86.ActiveCfg = Release|Any CPU
		{2E6578F1-57AC-4DC8-A199-AE883E3B6C4B}.Release|x86.Build.0 = Release|Any CPU
		{97C7BD38-992B-4E6C-A3A9-B2284E468A4D}.Debug|Any CPU.ActiveCfg = Debug|Any CPU
		{97C7BD38-992B-4E6C-A3A9-B2284E468A4D}.Debug|Any CPU.Build.0 = Debug|Any CPU
		{97C7BD38-992B-4E6C-A3A9-B2284E468A4D}.Debug|ARM64.ActiveCfg = Debug|Any CPU
		{97C7BD38-992B-4E6C-A3A9-B2284E468A4D}.Debug|ARM64.Build.0 = Debug|Any CPU
		{97C7BD38-992B-4E6C-A3A9-B2284E468A4D}.Debug|x64.ActiveCfg = Debug|Any CPU
		{97C7BD38-992B-4E6C-A3A9-B2284E468A4D}.Debug|x64.Build.0 = Debug|Any CPU
		{97C7BD38-992B-4E6C-A3A9-B2284E468A4D}.Debug|x86.ActiveCfg = Debug|Any CPU
		{97C7BD38-992B-4E6C-A3A9-B2284E468A4D}.Debug|x86.Build.0 = Debug|Any CPU
		{97C7BD38-992B-4E6C-A3A9-B2284E468A4D}.Release|Any CPU.ActiveCfg = Release|Any CPU
		{97C7BD38-992B-4E6C-A3A9-B2284E468A4D}.Release|Any CPU.Build.0 = Release|Any CPU
		{97C7BD38-992B-4E6C-A3A9-B2284E468A4D}.Release|ARM64.ActiveCfg = Release|Any CPU
		{97C7BD38-992B-4E6C-A3A9-B2284E468A4D}.Release|ARM64.Build.0 = Release|Any CPU
		{97C7BD38-992B-4E6C-A3A9-B2284E468A4D}.Release|x64.ActiveCfg = Release|Any CPU
		{97C7BD38-992B-4E6C-A3A9-B2284E468A4D}.Release|x64.Build.0 = Release|Any CPU
		{97C7BD38-992B-4E6C-A3A9-B2284E468A4D}.Release|x86.ActiveCfg = Release|Any CPU
		{97C7BD38-992B-4E6C-A3A9-B2284E468A4D}.Release|x86.Build.0 = Release|Any CPU
		{1FC68057-7B43-4FD9-B40E-5759A275D2A9}.Debug|Any CPU.ActiveCfg = Debug|Any CPU
		{1FC68057-7B43-4FD9-B40E-5759A275D2A9}.Debug|Any CPU.Build.0 = Debug|Any CPU
		{1FC68057-7B43-4FD9-B40E-5759A275D2A9}.Debug|ARM64.ActiveCfg = Debug|Any CPU
		{1FC68057-7B43-4FD9-B40E-5759A275D2A9}.Debug|ARM64.Build.0 = Debug|Any CPU
		{1FC68057-7B43-4FD9-B40E-5759A275D2A9}.Debug|x64.ActiveCfg = Debug|Any CPU
		{1FC68057-7B43-4FD9-B40E-5759A275D2A9}.Debug|x64.Build.0 = Debug|Any CPU
		{1FC68057-7B43-4FD9-B40E-5759A275D2A9}.Debug|x86.ActiveCfg = Debug|Any CPU
		{1FC68057-7B43-4FD9-B40E-5759A275D2A9}.Debug|x86.Build.0 = Debug|Any CPU
		{1FC68057-7B43-4FD9-B40E-5759A275D2A9}.Release|Any CPU.ActiveCfg = Release|Any CPU
		{1FC68057-7B43-4FD9-B40E-5759A275D2A9}.Release|Any CPU.Build.0 = Release|Any CPU
		{1FC68057-7B43-4FD9-B40E-5759A275D2A9}.Release|ARM64.ActiveCfg = Release|Any CPU
		{1FC68057-7B43-4FD9-B40E-5759A275D2A9}.Release|ARM64.Build.0 = Release|Any CPU
		{1FC68057-7B43-4FD9-B40E-5759A275D2A9}.Release|x64.ActiveCfg = Release|Any CPU
		{1FC68057-7B43-4FD9-B40E-5759A275D2A9}.Release|x64.Build.0 = Release|Any CPU
		{1FC68057-7B43-4FD9-B40E-5759A275D2A9}.Release|x86.ActiveCfg = Release|Any CPU
		{1FC68057-7B43-4FD9-B40E-5759A275D2A9}.Release|x86.Build.0 = Release|Any CPU
	EndGlobalSection
	GlobalSection(SolutionProperties) = preSolution
		HideSolutionNode = FALSE
	EndGlobalSection
	GlobalSection(ExtensibilityGlobals) = postSolution
		SolutionGuid = {20E6FD03-9002-4EBA-ABF2-9DDE2C488842}
	EndGlobalSection
EndGlobal
